<Solution>
  <Folder Name="/src/">
    <Project Path="src/EnjoyEveryday.Api/EnjoyEveryday.Api.csproj" />
    <Project Path="src/EnjoyEveryday.Application/EnjoyEveryday.Application.csproj" />
    <Project Path="src/EnjoyEveryday.Domain/EnjoyEveryday.Domain.csproj" />
    <Project Path="src/EnjoyEveryday.Infrastructure/EnjoyEveryday.Infrastructure.csproj" />
    <Project Path="src/EnjoyEveryday.Shared/EnjoyEveryday.Shared.csproj" />
    <Project Path="src/EnjoyEveryday.Daycare.Web/EnjoyEveryday.Daycare.Web.csproj" />
    <Project Path="src/EnjoyEveryday.Admin.Web/EnjoyEveryday.Admin.Web.csproj" />
    <Project Path="src/EnjoyEveryday.Parent.Web/EnjoyEveryday.Parent.Web.csproj" />
      <Project Path="src/EnjoyEveryday.UI.Shared/EnjoyEveryday.UI.Shared.csproj" />
  </Folder>
</Solution>

